
Microsoft Visual Studio Solution File, Format Version 12.00
# Visual Studio Version 17
VisualStudioVersion = 17.4.33213.308
MinimumVisualStudioVersion = 10.0.40219.1
Project("{FAE04EC0-301F-11D3-BF4B-00C04F79EFBC}") = "CorrectionExoIPI_2023_2024", "CorrectionExoIPI_2023_2024.csproj", "{BF12C34D-7CEF-4568-9C9B-B271321D1FFD}"
EndProject
Global
	GlobalSection(SolutionConfigurationPlatforms) = preSolution
		Debug|Any CPU = Debug|Any CPU
		Release|Any CPU = Release|Any CPU
	EndGlobalSection
	GlobalSection(ProjectConfigurationPlatforms) = postSolution
		{BF12C34D-7CEF-4568-9C9B-B271321D1FFD}.Debug|Any CPU.ActiveCfg = Debug|Any CPU
		{BF12C34D-7CEF-4568-9C9B-B271321D1FFD}.Debug|Any CPU.Build.0 = Debug|Any CPU
		{BF12C34D-7CEF-4568-9C9B-B271321D1FFD}.Release|Any CPU.ActiveCfg = Release|Any CPU
		{BF12C34D-7CEF-4568-9C9B-B271321D1FFD}.Release|Any CPU.Build.0 = Release|Any CPU
	EndGlobalSection
	GlobalSection(SolutionProperties) = preSolution
		HideSolutionNode = FALSE
	EndGlobalSection
	GlobalSection(ExtensibilityGlobals) = postSolution
		SolutionGuid = {B4E7C841-0BA9-420F-8378-693579FA56C6}
	EndGlobalSection
EndGlobal
